
Microsoft Visual Studio Solution File, Format Version 12.00
# Visual Studio Version 16
VisualStudioVersion = 16.0.30621.155
MinimumVisualStudioVersion = 10.0.40219.1
Project("{FAE04EC0-301F-11D3-BF4B-00C04F79EFBC}") = "HomeWork2", "HomeWork2.csproj", "{89C96D4A-271B-48AF-82A1-799AF7975061}"
EndProject
Global
	GlobalSection(SolutionConfigurationPlatforms) = preSolution
		Debug|Any CPU = Debug|Any CPU
		Release|Any CPU = Release|Any CPU
	EndGlobalSection
	GlobalSection(ProjectConfigurationPlatforms) = postSolution
		{89C96D4A-271B-48AF-82A1-799AF7975061}.Debug|Any CPU.ActiveCfg = Debug|Any CPU
		{89C96D4A-271B-48AF-82A1-799AF7975061}.Debug|Any CPU.Build.0 = Debug|Any CPU
		{89C96D4A-271B-48AF-82A1-799AF7975061}.Release|Any CPU.ActiveCfg = Release|Any CPU
		{89C96D4A-271B-48AF-82A1-799AF7975061}.Release|Any CPU.Build.0 = Release|Any CPU
	EndGlobalSection
	GlobalSection(SolutionProperties) = preSolution
		HideSolutionNode = FALSE
	EndGlobalSection
	GlobalSection(ExtensibilityGlobals) = postSolution
		SolutionGuid = {089DA273-EB81-43FF-B698-6DF2A56E40E2}
	EndGlobalSection
EndGlobal
